{
  "name": "cs2d",
  "version": "0.1.0",
  "lockfileVersion": 2,
  "requires": true,
  "packages": {
    "": {
      "name": "cs2d",
      "version": "0.1.0",
      "license": "ISC",
      "dependencies": {
        "7z-wasm": "^1.1.0",
        "demoparser2": "^0.15.0"
      }
    },
    "node_modules/7z-wasm": {
      "version": "1.1.0",
      "resolved": "https://registry.npmjs.org/7z-wasm/-/7z-wasm-1.1.0.tgz",
      "integrity": "sha512-qxbUWxty2II+8GV+lbqpQ8Vdi0hvq4aoVKX/iAGNQsHLpwhyXKS81/5nba3P87K0IQlfle3IQBf+D1H391Ar5w==",
      "dependencies": {
        "readline-sync": "^1.4.10"
      },
      "bin": {
        "7z-wasm": "bin/cli"
      },
      "engines": {
        "node": ">=8.0.0"
      }
    },
    "node_modules/demoparser2": {
      "version": "0.15.0",
      "resolved": "https://registry.npmjs.org/demoparser2/-/demoparser2-0.15.0.tgz",
      "integrity": "sha512-gPdDI5gl1slbCxGuQd0pI7Ph3Fmwmw/ahxy6AMS681OTVQ4ZJbqsrJup1zUsnkbNbrn4ho7+vHtGppyj6jvICA=="
    },
    "node_modules/readline-sync": {
      "version": "1.4.10",
      "resolved": "https://registry.npmjs.org/readline-sync/-/readline-sync-1.4.10.tgz",
      "integrity": "sha512-gNva8/6UAe8QYepIQH/jQ2qn91Qj0B9sYjMBBs3QOB8F2CXcKgLxQaJRP76sWVRQt+QU+8fAkCbCvjjMFu7Ycw==",
      "engines": {
        "node": ">= 0.8.0"
      }
    }
  },
  "dependencies": {
    "7z-wasm": {
      "version": "1.1.0",
      "resolved": "https://registry.npmjs.org/7z-wasm/-/7z-wasm-1.1.0.tgz",
      "integrity": "sha512-qxbUWxty2II+8GV+lbqpQ8Vdi0hvq4aoVKX/iAGNQsHLpwhyXKS81/5nba3P87K0IQlfle3IQBf+D1H391Ar5w==",
      "requires": {
        "readline-sync": "^1.4.10"
      }
    },
    "demoparser2": {
      "version": "0.15.0",
      "resolved": "https://registry.npmjs.org/demoparser2/-/demoparser2-0.15.0.tgz",
      "integrity": "sha512-gPdDI5gl1slbCxGuQd0pI7Ph3Fmwmw/ahxy6AMS681OTVQ4ZJbqsrJup1zUsnkbNbrn4ho7+vHtGppyj6jvICA=="
    },
    "readline-sync": {
      "version": "1.4.10",
      "resolved": "https://registry.npmjs.org/readline-sync/-/readline-sync-1.4.10.tgz",
      "integrity": "sha512-gNva8/6UAe8QYepIQH/jQ2qn91Qj0B9sYjMBBs3QOB8F2CXcKgLxQaJRP76sWVRQt+QU+8fAkCbCvjjMFu7Ycw=="
    }
  }
}
